
Microsoft Visual Studio Solution File, Format Version 12.00
# Visual Studio Version 17
VisualStudioVersion = 17.6.33723.286
MinimumVisualStudioVersion = 10.0.40219.1
Project("{FAE04EC0-301F-11D3-BF4B-00C04F79EFBC}") = "RealBankAccount", "RealBankAccount.csproj", "{29F6EC7B-8992-4042-BF87-8469FE8C47D9}"
EndProject
Global
	GlobalSection(SolutionConfigurationPlatforms) = preSolution
		Debug|Any CPU = Debug|Any CPU
		Release|Any CPU = Release|Any CPU
	EndGlobalSection
	GlobalSection(ProjectConfigurationPlatforms) = postSolution
		{29F6EC7B-8992-4042-BF87-8469FE8C47D9}.Debug|Any CPU.ActiveCfg = Debug|Any CPU
		{29F6EC7B-8992-4042-BF87-8469FE8C47D9}.Debug|Any CPU.Build.0 = Debug|Any CPU
		{29F6EC7B-8992-4042-BF87-8469FE8C47D9}.Release|Any CPU.ActiveCfg = Release|Any CPU
		{29F6EC7B-8992-4042-BF87-8469FE8C47D9}.Release|Any CPU.Build.0 = Release|Any CPU
	EndGlobalSection
	GlobalSection(SolutionProperties) = preSolution
		HideSolutionNode = FALSE
	EndGlobalSection
	GlobalSection(ExtensibilityGlobals) = postSolution
		SolutionGuid = {7F60EC6C-C0FB-403D-9822-9970DC854D74}
	EndGlobalSection
EndGlobal
